{
    "name": "serum-saver",
    "version": "0.0.0",
    "lockfileVersion": 2,
    "requires": true,
    "packages": {
        "": {
            "name": "serum-saver",
            "version": "0.0.0",
            "devDependencies": {
                "@project-serum/anchor-cli": "=0.16.2"
            }
        },
        "node_modules/@project-serum/anchor-cli": {
            "version": "0.16.2",
            "resolved": "https://registry.npmjs.org/@project-serum/anchor-cli/-/anchor-cli-0.16.2.tgz",
            "integrity": "sha512-gaYltna3fHG+25irjSRB/fLSTznUBHdTHUOwthOHDIsMrwEudRk65AunYmK9jSrYxSwB4SylJo2r+KgkJpXvYw==",
            "dev": true,
            "bin": {
                "anchor": "anchor.js"
            }
        }
    },
    "dependencies": {
        "@project-serum/anchor-cli": {
            "version": "0.16.2",
            "resolved": "https://registry.npmjs.org/@project-serum/anchor-cli/-/anchor-cli-0.16.2.tgz",
            "integrity": "sha512-gaYltna3fHG+25irjSRB/fLSTznUBHdTHUOwthOHDIsMrwEudRk65AunYmK9jSrYxSwB4SylJo2r+KgkJpXvYw==",
            "dev": true
        }
    }
}
